// !$*UTF8*$!
{
	archiveVersion = 1;
	classes = {
	};
	objectVersion = 55;
	objects = {

/* Begin PBXBuildFile section */
		CA0E8A7127EF04170094BEA7 /* Raleway-SemiBold.ttf in Resources */ = {isa = PBXBuildFile; fileRef = CA0E8A7027EF04170094BEA7 /* Raleway-SemiBold.ttf */; };
		CA0E8A7327EF04210094BEA7 /* Raleway-Regular.ttf in Resources */ = {isa = PBXBuildFile; fileRef = CA0E8A7227EF04210094BEA7 /* Raleway-Regular.ttf */; };
		CA0E8A7527EF042A0094BEA7 /* Raleway-Bold.ttf in Resources */ = {isa = PBXBuildFile; fileRef = CA0E8A7427EF042A0094BEA7 /* Raleway-Bold.ttf */; };
		CA0E8A7727EF0B7E0094BEA7 /* AppColors.swift in Sources */ = {isa = PBXBuildFile; fileRef = CA0E8A7627EF0B7E0094BEA7 /* AppColors.swift */; };
		CA0E8A7927EF34A20094BEA7 /* TabBarConstants.swift in Sources */ = {isa = PBXBuildFile; fileRef = CA0E8A7827EF34A20094BEA7 /* TabBarConstants.swift */; };
		CA0E8A7E27EF3BF10094BEA7 /* HomeScreenIO.swift in Sources */ = {isa = PBXBuildFile; fileRef = CA0E8A7D27EF3BF10094BEA7 /* HomeScreenIO.swift */; };
		CA0E8A8327EF55900094BEA7 /* HomePresenter.swift in Sources */ = {isa = PBXBuildFile; fileRef = CA0E8A8227EF55900094BEA7 /* HomePresenter.swift */; };
		CA0E8A8527EF56450094BEA7 /* HomeModuleIO.swift in Sources */ = {isa = PBXBuildFile; fileRef = CA0E8A8427EF56450094BEA7 /* HomeModuleIO.swift */; };
		CA3171CB27ECE9A700C815C3 /* AppDelegate.swift in Sources */ = {isa = PBXBuildFile; fileRef = CA3171CA27ECE9A700C815C3 /* AppDelegate.swift */; };
		CA3171CD27ECE9A700C815C3 /* SceneDelegate.swift in Sources */ = {isa = PBXBuildFile; fileRef = CA3171CC27ECE9A700C815C3 /* SceneDelegate.swift */; };
		CA3171CF27ECE9A700C815C3 /* HomeScreen.swift in Sources */ = {isa = PBXBuildFile; fileRef = CA3171CE27ECE9A700C815C3 /* HomeScreen.swift */; };
		CA3171D427ECE9A700C815C3 /* Assets.xcassets in Resources */ = {isa = PBXBuildFile; fileRef = CA3171D327ECE9A700C815C3 /* Assets.xcassets */; };
		CA6177CF27EF5CFA003A308C /* MovieCell.swift in Sources */ = {isa = PBXBuildFile; fileRef = CA6177CE27EF5CFA003A308C /* MovieCell.swift */; };
		CA6177D127EF5EA9003A308C /* MovieCell+Model.swift in Sources */ = {isa = PBXBuildFile; fileRef = CA6177D027EF5EA9003A308C /* MovieCell+Model.swift */; };
		CA6177D327EF63FA003A308C /* CellConstants.swift in Sources */ = {isa = PBXBuildFile; fileRef = CA6177D227EF63FA003A308C /* CellConstants.swift */; };
		CA6177D927EFB8FD003A308C /* UIImageViewExtension.swift in Sources */ = {isa = PBXBuildFile; fileRef = CA6177D827EFB8FD003A308C /* UIImageViewExtension.swift */; };
		CA8298B027EDDAA6008C5F10 /* TabCoordinator.swift in Sources */ = {isa = PBXBuildFile; fileRef = CA8298AF27EDDAA6008C5F10 /* TabCoordinator.swift */; };
		CA8298B227EDDCE6008C5F10 /* TabScreenCoordinator.swift in Sources */ = {isa = PBXBuildFile; fileRef = CA8298B127EDDCE6008C5F10 /* TabScreenCoordinator.swift */; };
		CA8298B627EDE2CC008C5F10 /* TabCoordinatorProtocol.swift in Sources */ = {isa = PBXBuildFile; fileRef = CA8298B527EDE2CC008C5F10 /* TabCoordinatorProtocol.swift */; };
		CA8298B827EDE8DC008C5F10 /* FavoriteScreen.swift in Sources */ = {isa = PBXBuildFile; fileRef = CA8298B727EDE8DC008C5F10 /* FavoriteScreen.swift */; };
		CA8298BC27EDE93E008C5F10 /* HomeModuleAssembly.swift in Sources */ = {isa = PBXBuildFile; fileRef = CA8298BB27EDE93E008C5F10 /* HomeModuleAssembly.swift */; };
		CA8298BE27EDE947008C5F10 /* FavoriteModuleAssembly.swift in Sources */ = {isa = PBXBuildFile; fileRef = CA8298BD27EDE947008C5F10 /* FavoriteModuleAssembly.swift */; };
		CA8298C327EDF6F4008C5F10 /* HomeCoordinator.swift in Sources */ = {isa = PBXBuildFile; fileRef = CA8298C227EDF6F4008C5F10 /* HomeCoordinator.swift */; };
		CA8298C527EDFA42008C5F10 /* FavoriteCoordinator.swift in Sources */ = {isa = PBXBuildFile; fileRef = CA8298C427EDFA42008C5F10 /* FavoriteCoordinator.swift */; };
		CA8298C727EE00A2008C5F10 /* Coordinator.swift in Sources */ = {isa = PBXBuildFile; fileRef = CA8298C627EE00A2008C5F10 /* Coordinator.swift */; };
		CA8298CB27EE0832008C5F10 /* ViewController3.swift in Sources */ = {isa = PBXBuildFile; fileRef = CA8298CA27EE0832008C5F10 /* ViewController3.swift */; };
		CA8298CD27EE0848008C5F10 /* View3ModuleAssembly.swift in Sources */ = {isa = PBXBuildFile; fileRef = CA8298CC27EE0848008C5F10 /* View3ModuleAssembly.swift */; };
		CA8298CF27EE0890008C5F10 /* View3Coordinator.swift in Sources */ = {isa = PBXBuildFile; fileRef = CA8298CE27EE0890008C5F10 /* View3Coordinator.swift */; };
		CA8298D927EE2618008C5F10 /* MovieTarger.swift in Sources */ = {isa = PBXBuildFile; fileRef = CA8298D827EE2618008C5F10 /* MovieTarger.swift */; };
		CA8298DB27EE2626008C5F10 /* MovieService.swift in Sources */ = {isa = PBXBuildFile; fileRef = CA8298DA27EE2626008C5F10 /* MovieService.swift */; };
		CA8298DE27EE3C6F008C5F10 /* MovieDetailResponse.swift in Sources */ = {isa = PBXBuildFile; fileRef = CA8298DD27EE3C6F008C5F10 /* MovieDetailResponse.swift */; };
		CA8298E127EE419F008C5F10 /* FavoriteInteractor.swift in Sources */ = {isa = PBXBuildFile; fileRef = CA8298E027EE419F008C5F10 /* FavoriteInteractor.swift */; };
		CA8298E327EE41C1008C5F10 /* FavoriteInteractorProtocol.swift in Sources */ = {isa = PBXBuildFile; fileRef = CA8298E227EE41C1008C5F10 /* FavoriteInteractorProtocol.swift */; };
		CA8298E627EE4538008C5F10 /* Genre.swift in Sources */ = {isa = PBXBuildFile; fileRef = CA8298E527EE4538008C5F10 /* Genre.swift */; };
		CA8298E827EE456D008C5F10 /* ProductionCompany.swift in Sources */ = {isa = PBXBuildFile; fileRef = CA8298E727EE456D008C5F10 /* ProductionCompany.swift */; };
		CA8298EA27EE45AE008C5F10 /* ProductionCountry.swift in Sources */ = {isa = PBXBuildFile; fileRef = CA8298E927EE45AE008C5F10 /* ProductionCountry.swift */; };
		CA8298EC27EE45C6008C5F10 /* SpokenLanguage.swift in Sources */ = {isa = PBXBuildFile; fileRef = CA8298EB27EE45C6008C5F10 /* SpokenLanguage.swift */; };
		CA8298F027EE4846008C5F10 /* MoviesPageResponse.swift in Sources */ = {isa = PBXBuildFile; fileRef = CA8298EF27EE4846008C5F10 /* MoviesPageResponse.swift */; };
		CA8298F227EE4867008C5F10 /* MovieResponse.swift in Sources */ = {isa = PBXBuildFile; fileRef = CA8298F127EE4867008C5F10 /* MovieResponse.swift */; };
		CA8298F627EE4E3E008C5F10 /* HomeInteractor.swift in Sources */ = {isa = PBXBuildFile; fileRef = CA8298F527EE4E3E008C5F10 /* HomeInteractor.swift */; };
		CA8298F827EE4E6B008C5F10 /* HomeInteractorProtocol.swift in Sources */ = {isa = PBXBuildFile; fileRef = CA8298F727EE4E6B008C5F10 /* HomeInteractorProtocol.swift */; };
		CA9F72B227ECF13500B41E33 /* Moya in Frameworks */ = {isa = PBXBuildFile; productRef = CA9F72B127ECF13500B41E33 /* Moya */; };
		CAECE6C927EEFAE500889800 /* MoviesView.swift in Sources */ = {isa = PBXBuildFile; fileRef = CAECE6C827EEFAE500889800 /* MoviesView.swift */; };
		CAECE6CC27EEFD6700889800 /* UIViewControllerExtension.swift in Sources */ = {isa = PBXBuildFile; fileRef = CAECE6CB27EEFD6700889800 /* UIViewControllerExtension.swift */; };
		CAECE6CF27EF001500889800 /* NavBarConstants.swift in Sources */ = {isa = PBXBuildFile; fileRef = CAECE6CE27EF001500889800 /* NavBarConstants.swift */; };
/* End PBXBuildFile section */

/* Begin PBXFileReference section */
		CA0E8A7027EF04170094BEA7 /* Raleway-SemiBold.ttf */ = {isa = PBXFileReference; lastKnownFileType = file; path = "Raleway-SemiBold.ttf"; sourceTree = "<group>"; };
		CA0E8A7227EF04210094BEA7 /* Raleway-Regular.ttf */ = {isa = PBXFileReference; lastKnownFileType = file; path = "Raleway-Regular.ttf"; sourceTree = "<group>"; };
		CA0E8A7427EF042A0094BEA7 /* Raleway-Bold.ttf */ = {isa = PBXFileReference; lastKnownFileType = file; path = "Raleway-Bold.ttf"; sourceTree = "<group>"; };
		CA0E8A7627EF0B7E0094BEA7 /* AppColors.swift */ = {isa = PBXFileReference; lastKnownFileType = sourcecode.swift; path = AppColors.swift; sourceTree = "<group>"; };
		CA0E8A7827EF34A20094BEA7 /* TabBarConstants.swift */ = {isa = PBXFileReference; lastKnownFileType = sourcecode.swift; path = TabBarConstants.swift; sourceTree = "<group>"; };
		CA0E8A7D27EF3BF10094BEA7 /* HomeScreenIO.swift */ = {isa = PBXFileReference; lastKnownFileType = sourcecode.swift; path = HomeScreenIO.swift; sourceTree = "<group>"; };
		CA0E8A8227EF55900094BEA7 /* HomePresenter.swift */ = {isa = PBXFileReference; lastKnownFileType = sourcecode.swift; path = HomePresenter.swift; sourceTree = "<group>"; };
		CA0E8A8427EF56450094BEA7 /* HomeModuleIO.swift */ = {isa = PBXFileReference; lastKnownFileType = sourcecode.swift; path = HomeModuleIO.swift; sourceTree = "<group>"; };
		CA3171C727ECE9A700C815C3 /* MOVIE.app */ = {isa = PBXFileReference; explicitFileType = wrapper.application; includeInIndex = 0; path = MOVIE.app; sourceTree = BUILT_PRODUCTS_DIR; };
		CA3171CA27ECE9A700C815C3 /* AppDelegate.swift */ = {isa = PBXFileReference; lastKnownFileType = sourcecode.swift; path = AppDelegate.swift; sourceTree = "<group>"; };
		CA3171CC27ECE9A700C815C3 /* SceneDelegate.swift */ = {isa = PBXFileReference; lastKnownFileType = sourcecode.swift; path = SceneDelegate.swift; sourceTree = "<group>"; };
		CA3171CE27ECE9A700C815C3 /* HomeScreen.swift */ = {isa = PBXFileReference; lastKnownFileType = sourcecode.swift; path = HomeScreen.swift; sourceTree = "<group>"; };
		CA3171D327ECE9A700C815C3 /* Assets.xcassets */ = {isa = PBXFileReference; lastKnownFileType = folder.assetcatalog; path = Assets.xcassets; sourceTree = "<group>"; };
		CA3171D827ECE9A700C815C3 /* Info.plist */ = {isa = PBXFileReference; lastKnownFileType = text.plist.xml; path = Info.plist; sourceTree = "<group>"; };
		CA6177CE27EF5CFA003A308C /* MovieCell.swift */ = {isa = PBXFileReference; lastKnownFileType = sourcecode.swift; path = MovieCell.swift; sourceTree = "<group>"; };
		CA6177D027EF5EA9003A308C /* MovieCell+Model.swift */ = {isa = PBXFileReference; lastKnownFileType = sourcecode.swift; path = "MovieCell+Model.swift"; sourceTree = "<group>"; };
		CA6177D227EF63FA003A308C /* CellConstants.swift */ = {isa = PBXFileReference; lastKnownFileType = sourcecode.swift; path = CellConstants.swift; sourceTree = "<group>"; };
		CA6177D827EFB8FD003A308C /* UIImageViewExtension.swift */ = {isa = PBXFileReference; lastKnownFileType = sourcecode.swift; path = UIImageViewExtension.swift; sourceTree = "<group>"; };
		CA8298AF27EDDAA6008C5F10 /* TabCoordinator.swift */ = {isa = PBXFileReference; lastKnownFileType = sourcecode.swift; path = TabCoordinator.swift; sourceTree = "<group>"; };
		CA8298B127EDDCE6008C5F10 /* TabScreenCoordinator.swift */ = {isa = PBXFileReference; lastKnownFileType = sourcecode.swift; path = TabScreenCoordinator.swift; sourceTree = "<group>"; };
		CA8298B527EDE2CC008C5F10 /* TabCoordinatorProtocol.swift */ = {isa = PBXFileReference; lastKnownFileType = sourcecode.swift; path = TabCoordinatorProtocol.swift; sourceTree = "<group>"; };
		CA8298B727EDE8DC008C5F10 /* FavoriteScreen.swift */ = {isa = PBXFileReference; lastKnownFileType = sourcecode.swift; path = FavoriteScreen.swift; sourceTree = "<group>"; };
		CA8298BB27EDE93E008C5F10 /* HomeModuleAssembly.swift */ = {isa = PBXFileReference; lastKnownFileType = sourcecode.swift; path = HomeModuleAssembly.swift; sourceTree = "<group>"; };
		CA8298BD27EDE947008C5F10 /* FavoriteModuleAssembly.swift */ = {isa = PBXFileReference; lastKnownFileType = sourcecode.swift; path = FavoriteModuleAssembly.swift; sourceTree = "<group>"; };
		CA8298C227EDF6F4008C5F10 /* HomeCoordinator.swift */ = {isa = PBXFileReference; lastKnownFileType = sourcecode.swift; path = HomeCoordinator.swift; sourceTree = "<group>"; };
		CA8298C427EDFA42008C5F10 /* FavoriteCoordinator.swift */ = {isa = PBXFileReference; lastKnownFileType = sourcecode.swift; path = FavoriteCoordinator.swift; sourceTree = "<group>"; };
		CA8298C627EE00A2008C5F10 /* Coordinator.swift */ = {isa = PBXFileReference; lastKnownFileType = sourcecode.swift; path = Coordinator.swift; sourceTree = "<group>"; };
		CA8298CA27EE0832008C5F10 /* ViewController3.swift */ = {isa = PBXFileReference; lastKnownFileType = sourcecode.swift; path = ViewController3.swift; sourceTree = "<group>"; };
		CA8298CC27EE0848008C5F10 /* View3ModuleAssembly.swift */ = {isa = PBXFileReference; lastKnownFileType = sourcecode.swift; path = View3ModuleAssembly.swift; sourceTree = "<group>"; };
		CA8298CE27EE0890008C5F10 /* View3Coordinator.swift */ = {isa = PBXFileReference; lastKnownFileType = sourcecode.swift; path = View3Coordinator.swift; sourceTree = "<group>"; };
		CA8298D827EE2618008C5F10 /* MovieTarger.swift */ = {isa = PBXFileReference; lastKnownFileType = sourcecode.swift; path = MovieTarger.swift; sourceTree = "<group>"; };
		CA8298DA27EE2626008C5F10 /* MovieService.swift */ = {isa = PBXFileReference; lastKnownFileType = sourcecode.swift; path = MovieService.swift; sourceTree = "<group>"; };
		CA8298DD27EE3C6F008C5F10 /* MovieDetailResponse.swift */ = {isa = PBXFileReference; lastKnownFileType = sourcecode.swift; path = MovieDetailResponse.swift; sourceTree = "<group>"; };
		CA8298E027EE419F008C5F10 /* FavoriteInteractor.swift */ = {isa = PBXFileReference; lastKnownFileType = sourcecode.swift; path = FavoriteInteractor.swift; sourceTree = "<group>"; };
		CA8298E227EE41C1008C5F10 /* FavoriteInteractorProtocol.swift */ = {isa = PBXFileReference; lastKnownFileType = sourcecode.swift; path = FavoriteInteractorProtocol.swift; sourceTree = "<group>"; };
		CA8298E527EE4538008C5F10 /* Genre.swift */ = {isa = PBXFileReference; lastKnownFileType = sourcecode.swift; path = Genre.swift; sourceTree = "<group>"; };
		CA8298E727EE456D008C5F10 /* ProductionCompany.swift */ = {isa = PBXFileReference; lastKnownFileType = sourcecode.swift; path = ProductionCompany.swift; sourceTree = "<group>"; };
		CA8298E927EE45AE008C5F10 /* ProductionCountry.swift */ = {isa = PBXFileReference; lastKnownFileType = sourcecode.swift; path = ProductionCountry.swift; sourceTree = "<group>"; };
		CA8298EB27EE45C6008C5F10 /* SpokenLanguage.swift */ = {isa = PBXFileReference; lastKnownFileType = sourcecode.swift; path = SpokenLanguage.swift; sourceTree = "<group>"; };
		CA8298EF27EE4846008C5F10 /* MoviesPageResponse.swift */ = {isa = PBXFileReference; lastKnownFileType = sourcecode.swift; path = MoviesPageResponse.swift; sourceTree = "<group>"; };
		CA8298F127EE4867008C5F10 /* MovieResponse.swift */ = {isa = PBXFileReference; lastKnownFileType = sourcecode.swift; path = MovieResponse.swift; sourceTree = "<group>"; };
		CA8298F527EE4E3E008C5F10 /* HomeInteractor.swift */ = {isa = PBXFileReference; lastKnownFileType = sourcecode.swift; path = HomeInteractor.swift; sourceTree = "<group>"; };
		CA8298F727EE4E6B008C5F10 /* HomeInteractorProtocol.swift */ = {isa = PBXFileReference; lastKnownFileType = sourcecode.swift; path = HomeInteractorProtocol.swift; sourceTree = "<group>"; };
		CAECE6C827EEFAE500889800 /* MoviesView.swift */ = {isa = PBXFileReference; lastKnownFileType = sourcecode.swift; path = MoviesView.swift; sourceTree = "<group>"; };
		CAECE6CB27EEFD6700889800 /* UIViewControllerExtension.swift */ = {isa = PBXFileReference; lastKnownFileType = sourcecode.swift; path = UIViewControllerExtension.swift; sourceTree = "<group>"; };
		CAECE6CE27EF001500889800 /* NavBarConstants.swift */ = {isa = PBXFileReference; lastKnownFileType = sourcecode.swift; path = NavBarConstants.swift; sourceTree = "<group>"; };
/* End PBXFileReference section */

/* Begin PBXFrameworksBuildPhase section */
		CA3171C427ECE9A700C815C3 /* Frameworks */ = {
			isa = PBXFrameworksBuildPhase;
			buildActionMask = 2147483647;
			files = (
				CA9F72B227ECF13500B41E33 /* Moya in Frameworks */,
			);
			runOnlyForDeploymentPostprocessing = 0;
		};
/* End PBXFrameworksBuildPhase section */

/* Begin PBXGroup section */
		CA0E8A7A27EF3A6B0094BEA7 /* Assembly */ = {
			isa = PBXGroup;
			children = (
				CA8298BD27EDE947008C5F10 /* FavoriteModuleAssembly.swift */,
			);
			path = Assembly;
			sourceTree = "<group>";
		};
		CA0E8A7B27EF3A9B0094BEA7 /* View */ = {
			isa = PBXGroup;
			children = (
				CA8298B727EDE8DC008C5F10 /* FavoriteScreen.swift */,
			);
			path = View;
			sourceTree = "<group>";
		};
		CA0E8A7C27EF3AAC0094BEA7 /* Presenter */ = {
			isa = PBXGroup;
			children = (
			);
			path = Presenter;
			sourceTree = "<group>";
		};
		CA0E8A7F27EF3D290094BEA7 /* Cells */ = {
			isa = PBXGroup;
			children = (
				CA6177D727EFA0D8003A308C /* MovieCell */,
			);
			path = Cells;
			sourceTree = "<group>";
		};
		CA3171BE27ECE9A700C815C3 = {
			isa = PBXGroup;
			children = (
				CA3171C927ECE9A700C815C3 /* MOVIE */,
				CA3171C827ECE9A700C815C3 /* Products */,
			);
			sourceTree = "<group>";
		};
		CA3171C827ECE9A700C815C3 /* Products */ = {
			isa = PBXGroup;
			children = (
				CA3171C727ECE9A700C815C3 /* MOVIE.app */,
			);
			name = Products;
			sourceTree = "<group>";
		};
		CA3171C927ECE9A700C815C3 /* MOVIE */ = {
			isa = PBXGroup;
			children = (
				CA8298AC27EDD824008C5F10 /* App */,
				CAECE6CA27EEFD2E00889800 /* Extensions */,
				CA8298AE27EDDA85008C5F10 /* Coordinators */,
				CA8298D627EE224B008C5F10 /* Nerwork */,
				CAECE6C627EEFA6600889800 /* Design system */,
				CA8298D127EE20FE008C5F10 /* Stories */,
				CA3171D327ECE9A700C815C3 /* Assets.xcassets */,
				CA3171D827ECE9A700C815C3 /* Info.plist */,
			);
			path = MOVIE;
			sourceTree = "<group>";
		};
		CA6177D727EFA0D8003A308C /* MovieCell */ = {
			isa = PBXGroup;
			children = (
				CA6177CE27EF5CFA003A308C /* MovieCell.swift */,
				CA6177D027EF5EA9003A308C /* MovieCell+Model.swift */,
			);
			path = MovieCell;
			sourceTree = "<group>";
		};
		CA8298AC27EDD824008C5F10 /* App */ = {
			isa = PBXGroup;
			children = (
				CA8298AD27EDD846008C5F10 /* Delegates */,
			);
			path = App;
			sourceTree = "<group>";
		};
		CA8298AD27EDD846008C5F10 /* Delegates */ = {
			isa = PBXGroup;
			children = (
				CA3171CA27ECE9A700C815C3 /* AppDelegate.swift */,
				CA3171CC27ECE9A700C815C3 /* SceneDelegate.swift */,
			);
			path = Delegates;
			sourceTree = "<group>";
		};
		CA8298AE27EDDA85008C5F10 /* Coordinators */ = {
			isa = PBXGroup;
			children = (
				CA8298C627EE00A2008C5F10 /* Coordinator.swift */,
				CA8298B427EDE2B2008C5F10 /* TabCoordinator */,
				CA8298C127EDEF98008C5F10 /* Home */,
				CA8298C027EDEF88008C5F10 /* FavoriteCoordinator */,
				CA8298D027EE0894008C5F10 /* View3Coordinator */,
			);
			path = Coordinators;
			sourceTree = "<group>";
		};
		CA8298B427EDE2B2008C5F10 /* TabCoordinator */ = {
			isa = PBXGroup;
			children = (
				CA8298AF27EDDAA6008C5F10 /* TabCoordinator.swift */,
				CA8298B527EDE2CC008C5F10 /* TabCoordinatorProtocol.swift */,
				CA8298B127EDDCE6008C5F10 /* TabScreenCoordinator.swift */,
			);
			path = TabCoordinator;
			sourceTree = "<group>";
		};
		CA8298B927EDE8FA008C5F10 /* Home story */ = {
			isa = PBXGroup;
			children = (
				CA8298E427EE43B7008C5F10 /* Home Screen */,
			);
			path = "Home story";
			sourceTree = "<group>";
		};
		CA8298BA27EDE912008C5F10 /* Favorite story */ = {
			isa = PBXGroup;
			children = (
				CA0E8A7A27EF3A6B0094BEA7 /* Assembly */,
				CA8298D527EE21C6008C5F10 /* Interactor */,
				CA0E8A7C27EF3AAC0094BEA7 /* Presenter */,
				CA0E8A7B27EF3A9B0094BEA7 /* View */,
			);
			path = "Favorite story";
			sourceTree = "<group>";
		};
		CA8298C027EDEF88008C5F10 /* FavoriteCoordinator */ = {
			isa = PBXGroup;
			children = (
				CA8298C427EDFA42008C5F10 /* FavoriteCoordinator.swift */,
			);
			path = FavoriteCoordinator;
			sourceTree = "<group>";
		};
		CA8298C127EDEF98008C5F10 /* Home */ = {
			isa = PBXGroup;
			children = (
				CA8298C227EDF6F4008C5F10 /* HomeCoordinator.swift */,
			);
			path = Home;
			sourceTree = "<group>";
		};
		CA8298C927EE0811008C5F10 /* Third */ = {
			isa = PBXGroup;
			children = (
				CA8298CA27EE0832008C5F10 /* ViewController3.swift */,
				CA8298CC27EE0848008C5F10 /* View3ModuleAssembly.swift */,
			);
			path = Third;
			sourceTree = "<group>";
		};
		CA8298D027EE0894008C5F10 /* View3Coordinator */ = {
			isa = PBXGroup;
			children = (
				CA8298CE27EE0890008C5F10 /* View3Coordinator.swift */,
			);
			path = View3Coordinator;
			sourceTree = "<group>";
		};
		CA8298D127EE20FE008C5F10 /* Stories */ = {
			isa = PBXGroup;
			children = (
				CA8298B927EDE8FA008C5F10 /* Home story */,
				CA8298BA27EDE912008C5F10 /* Favorite story */,
				CA8298C927EE0811008C5F10 /* Third */,
			);
			path = Stories;
			sourceTree = "<group>";
		};
		CA8298D227EE216A008C5F10 /* Assembly */ = {
			isa = PBXGroup;
			children = (
				CA8298BB27EDE93E008C5F10 /* HomeModuleAssembly.swift */,
			);
			path = Assembly;
			sourceTree = "<group>";
		};
		CA8298D327EE2183008C5F10 /* View */ = {
			isa = PBXGroup;
			children = (
				CA3171CE27ECE9A700C815C3 /* HomeScreen.swift */,
				CA0E8A7D27EF3BF10094BEA7 /* HomeScreenIO.swift */,
			);
			path = View;
			sourceTree = "<group>";
		};
		CA8298D427EE21BD008C5F10 /* Presenter */ = {
			isa = PBXGroup;
			children = (
				CA0E8A8227EF55900094BEA7 /* HomePresenter.swift */,
				CA0E8A8427EF56450094BEA7 /* HomeModuleIO.swift */,
			);
			path = Presenter;
			sourceTree = "<group>";
		};
		CA8298D527EE21C6008C5F10 /* Interactor */ = {
			isa = PBXGroup;
			children = (
				CA8298E027EE419F008C5F10 /* FavoriteInteractor.swift */,
				CA8298E227EE41C1008C5F10 /* FavoriteInteractorProtocol.swift */,
			);
			path = Interactor;
			sourceTree = "<group>";
		};
		CA8298D627EE224B008C5F10 /* Nerwork */ = {
			isa = PBXGroup;
			children = (
				CA8298D727EE25CD008C5F10 /* MovieService */,
			);
			path = Nerwork;
			sourceTree = "<group>";
		};
		CA8298D727EE25CD008C5F10 /* MovieService */ = {
			isa = PBXGroup;
			children = (
				CA8298D827EE2618008C5F10 /* MovieTarger.swift */,
				CA8298DA27EE2626008C5F10 /* MovieService.swift */,
				CA8298DC27EE3C50008C5F10 /* Entities */,
			);
			path = MovieService;
			sourceTree = "<group>";
		};
		CA8298DC27EE3C50008C5F10 /* Entities */ = {
			isa = PBXGroup;
			children = (
				CA8298DD27EE3C6F008C5F10 /* MovieDetailResponse.swift */,
				CA8298EF27EE4846008C5F10 /* MoviesPageResponse.swift */,
				CA8298F127EE4867008C5F10 /* MovieResponse.swift */,
				CA8298E527EE4538008C5F10 /* Genre.swift */,
				CA8298E727EE456D008C5F10 /* ProductionCompany.swift */,
				CA8298E927EE45AE008C5F10 /* ProductionCountry.swift */,
				CA8298EB27EE45C6008C5F10 /* SpokenLanguage.swift */,
			);
			path = Entities;
			sourceTree = "<group>";
		};
		CA8298E427EE43B7008C5F10 /* Home Screen */ = {
			isa = PBXGroup;
			children = (
				CA8298D227EE216A008C5F10 /* Assembly */,
				CA8298F427EE4E03008C5F10 /* Interactor */,
				CA8298D427EE21BD008C5F10 /* Presenter */,
				CA8298D327EE2183008C5F10 /* View */,
			);
			path = "Home Screen";
			sourceTree = "<group>";
		};
		CA8298F427EE4E03008C5F10 /* Interactor */ = {
			isa = PBXGroup;
			children = (
				CA8298F527EE4E3E008C5F10 /* HomeInteractor.swift */,
				CA8298F727EE4E6B008C5F10 /* HomeInteractorProtocol.swift */,
			);
			path = Interactor;
			sourceTree = "<group>";
		};
		CAECE6C627EEFA6600889800 /* Design system */ = {
			isa = PBXGroup;
			children = (
				CAECE6D027EF02C800889800 /* Fonts */,
				CAECE6CD27EEFFFA00889800 /* Constants */,
				CAECE6C727EEFA8200889800 /* Views */,
				CA0E8A7F27EF3D290094BEA7 /* Cells */,
			);
			path = "Design system";
			sourceTree = "<group>";
		};
		CAECE6C727EEFA8200889800 /* Views */ = {
			isa = PBXGroup;
			children = (
				CAECE6C827EEFAE500889800 /* MoviesView.swift */,
			);
			path = Views;
			sourceTree = "<group>";
		};
		CAECE6CA27EEFD2E00889800 /* Extensions */ = {
			isa = PBXGroup;
			children = (
				CAECE6CB27EEFD6700889800 /* UIViewControllerExtension.swift */,
				CA6177D827EFB8FD003A308C /* UIImageViewExtension.swift */,
			);
			path = Extensions;
			sourceTree = "<group>";
		};
		CAECE6CD27EEFFFA00889800 /* Constants */ = {
			isa = PBXGroup;
			children = (
				CA0E8A7827EF34A20094BEA7 /* TabBarConstants.swift */,
				CAECE6CE27EF001500889800 /* NavBarConstants.swift */,
				CA0E8A7627EF0B7E0094BEA7 /* AppColors.swift */,
				CA6177D227EF63FA003A308C /* CellConstants.swift */,
			);
			path = Constants;
			sourceTree = "<group>";
		};
		CAECE6D027EF02C800889800 /* Fonts */ = {
			isa = PBXGroup;
			children = (
				CA0E8A7027EF04170094BEA7 /* Raleway-SemiBold.ttf */,
				CA0E8A7227EF04210094BEA7 /* Raleway-Regular.ttf */,
				CA0E8A7427EF042A0094BEA7 /* Raleway-Bold.ttf */,
			);
			path = Fonts;
			sourceTree = "<group>";
		};
/* End PBXGroup section */

/* Begin PBXNativeTarget section */
		CA3171C627ECE9A700C815C3 /* MOVIE */ = {
			isa = PBXNativeTarget;
			buildConfigurationList = CA3171DB27ECE9A700C815C3 /* Build configuration list for PBXNativeTarget "MOVIE" */;
			buildPhases = (
				CA3171C327ECE9A700C815C3 /* Sources */,
				CA3171C427ECE9A700C815C3 /* Frameworks */,
				CA3171C527ECE9A700C815C3 /* Resources */,
			);
			buildRules = (
			);
			dependencies = (
			);
			name = MOVIE;
			packageProductDependencies = (
				CA9F72B127ECF13500B41E33 /* Moya */,
			);
			productName = MOVIE;
			productReference = CA3171C727ECE9A700C815C3 /* MOVIE.app */;
			productType = "com.apple.product-type.application";
		};
/* End PBXNativeTarget section */

/* Begin PBXProject section */
		CA3171BF27ECE9A700C815C3 /* Project object */ = {
			isa = PBXProject;
			attributes = {
				BuildIndependentTargetsInParallel = 1;
				LastSwiftUpdateCheck = 1320;
				LastUpgradeCheck = 1320;
				TargetAttributes = {
					CA3171C627ECE9A700C815C3 = {
						CreatedOnToolsVersion = 13.2.1;
					};
				};
			};
			buildConfigurationList = CA3171C227ECE9A700C815C3 /* Build configuration list for PBXProject "MOVIE" */;
			compatibilityVersion = "Xcode 13.0";
			developmentRegion = en;
			hasScannedForEncodings = 0;
			knownRegions = (
				en,
				Base,
			);
			mainGroup = CA3171BE27ECE9A700C815C3;
			packageReferences = (
				CA9F72B027ECF13500B41E33 /* XCRemoteSwiftPackageReference "Moya" */,
			);
			productRefGroup = CA3171C827ECE9A700C815C3 /* Products */;
			projectDirPath = "";
			projectRoot = "";
			targets = (
				CA3171C627ECE9A700C815C3 /* MOVIE */,
			);
		};
/* End PBXProject section */

/* Begin PBXResourcesBuildPhase section */
		CA3171C527ECE9A700C815C3 /* Resources */ = {
			isa = PBXResourcesBuildPhase;
			buildActionMask = 2147483647;
			files = (
				CA3171D427ECE9A700C815C3 /* Assets.xcassets in Resources */,
				CA0E8A7327EF04210094BEA7 /* Raleway-Regular.ttf in Resources */,
				CA0E8A7127EF04170094BEA7 /* Raleway-SemiBold.ttf in Resources */,
				CA0E8A7527EF042A0094BEA7 /* Raleway-Bold.ttf in Resources */,
			);
			runOnlyForDeploymentPostprocessing = 0;
		};
/* End PBXResourcesBuildPhase section */

/* Begin PBXSourcesBuildPhase section */
		CA3171C327ECE9A700C815C3 /* Sources */ = {
			isa = PBXSourcesBuildPhase;
			buildActionMask = 2147483647;
			files = (
				CA8298CF27EE0890008C5F10 /* View3Coordinator.swift in Sources */,
				CA8298E127EE419F008C5F10 /* FavoriteInteractor.swift in Sources */,
				CAECE6CC27EEFD6700889800 /* UIViewControllerExtension.swift in Sources */,
				CA8298EA27EE45AE008C5F10 /* ProductionCountry.swift in Sources */,
				CA6177D127EF5EA9003A308C /* MovieCell+Model.swift in Sources */,
				CA8298EC27EE45C6008C5F10 /* SpokenLanguage.swift in Sources */,
				CA8298D927EE2618008C5F10 /* MovieTarger.swift in Sources */,
				CA8298B827EDE8DC008C5F10 /* FavoriteScreen.swift in Sources */,
				CA8298F627EE4E3E008C5F10 /* HomeInteractor.swift in Sources */,
				CA0E8A8527EF56450094BEA7 /* HomeModuleIO.swift in Sources */,
				CA8298C327EDF6F4008C5F10 /* HomeCoordinator.swift in Sources */,
				CA3171CF27ECE9A700C815C3 /* HomeScreen.swift in Sources */,
				CA8298E627EE4538008C5F10 /* Genre.swift in Sources */,
				CAECE6CF27EF001500889800 /* NavBarConstants.swift in Sources */,
				CA6177CF27EF5CFA003A308C /* MovieCell.swift in Sources */,
				CA8298B627EDE2CC008C5F10 /* TabCoordinatorProtocol.swift in Sources */,
				CA8298E827EE456D008C5F10 /* ProductionCompany.swift in Sources */,
				CA8298F827EE4E6B008C5F10 /* HomeInteractorProtocol.swift in Sources */,
				CA8298B027EDDAA6008C5F10 /* TabCoordinator.swift in Sources */,
				CA8298F027EE4846008C5F10 /* MoviesPageResponse.swift in Sources */,
				CA6177D927EFB8FD003A308C /* UIImageViewExtension.swift in Sources */,
				CA8298B227EDDCE6008C5F10 /* TabScreenCoordinator.swift in Sources */,
				CA8298F227EE4867008C5F10 /* MovieResponse.swift in Sources */,
				CA8298E327EE41C1008C5F10 /* FavoriteInteractorProtocol.swift in Sources */,
				CAECE6C927EEFAE500889800 /* MoviesView.swift in Sources */,
				CA8298CD27EE0848008C5F10 /* View3ModuleAssembly.swift in Sources */,
				CA0E8A7927EF34A20094BEA7 /* TabBarConstants.swift in Sources */,
				CA8298BE27EDE947008C5F10 /* FavoriteModuleAssembly.swift in Sources */,
				CA0E8A7E27EF3BF10094BEA7 /* HomeScreenIO.swift in Sources */,
				CA3171CB27ECE9A700C815C3 /* AppDelegate.swift in Sources */,
				CA8298C727EE00A2008C5F10 /* Coordinator.swift in Sources */,
				CA8298DB27EE2626008C5F10 /* MovieService.swift in Sources */,
				CA0E8A8327EF55900094BEA7 /* HomePresenter.swift in Sources */,
				CA8298BC27EDE93E008C5F10 /* HomeModuleAssembly.swift in Sources */,
				CA3171CD27ECE9A700C815C3 /* SceneDelegate.swift in Sources */,
				CA6177D327EF63FA003A308C /* CellConstants.swift in Sources */,
				CA8298DE27EE3C6F008C5F10 /* MovieDetailResponse.swift in Sources */,
				CA0E8A7727EF0B7E0094BEA7 /* AppColors.swift in Sources */,
				CA8298C527EDFA42008C5F10 /* FavoriteCoordinator.swift in Sources */,
				CA8298CB27EE0832008C5F10 /* ViewController3.swift in Sources */,
			);
			runOnlyForDeploymentPostprocessing = 0;
		};
/* End PBXSourcesBuildPhase section */

/* Begin XCBuildConfiguration section */
		CA3171D927ECE9A700C815C3 /* Debug */ = {
			isa = XCBuildConfiguration;
			buildSettings = {
				ALWAYS_SEARCH_USER_PATHS = NO;
				CLANG_ANALYZER_NONNULL = YES;
				CLANG_ANALYZER_NUMBER_OBJECT_CONVERSION = YES_AGGRESSIVE;
				CLANG_CXX_LANGUAGE_STANDARD = "gnu++17";
				CLANG_CXX_LIBRARY = "libc++";
				CLANG_ENABLE_MODULES = YES;
				CLANG_ENABLE_OBJC_ARC = YES;
				CLANG_ENABLE_OBJC_WEAK = YES;
				CLANG_WARN_BLOCK_CAPTURE_AUTORELEASING = YES;
				CLANG_WARN_BOOL_CONVERSION = YES;
				CLANG_WARN_COMMA = YES;
				CLANG_WARN_CONSTANT_CONVERSION = YES;
				CLANG_WARN_DEPRECATED_OBJC_IMPLEMENTATIONS = YES;
				CLANG_WARN_DIRECT_OBJC_ISA_USAGE = YES_ERROR;
				CLANG_WARN_DOCUMENTATION_COMMENTS = YES;
				CLANG_WARN_EMPTY_BODY = YES;
				CLANG_WARN_ENUM_CONVERSION = YES;
				CLANG_WARN_INFINITE_RECURSION = YES;
				CLANG_WARN_INT_CONVERSION = YES;
				CLANG_WARN_NON_LITERAL_NULL_CONVERSION = YES;
				CLANG_WARN_OBJC_IMPLICIT_RETAIN_SELF = YES;
				CLANG_WARN_OBJC_LITERAL_CONVERSION = YES;
				CLANG_WARN_OBJC_ROOT_CLASS = YES_ERROR;
				CLANG_WARN_QUOTED_INCLUDE_IN_FRAMEWORK_HEADER = YES;
				CLANG_WARN_RANGE_LOOP_ANALYSIS = YES;
				CLANG_WARN_STRICT_PROTOTYPES = YES;
				CLANG_WARN_SUSPICIOUS_MOVE = YES;
				CLANG_WARN_UNGUARDED_AVAILABILITY = YES_AGGRESSIVE;
				CLANG_WARN_UNREACHABLE_CODE = YES;
				CLANG_WARN__DUPLICATE_METHOD_MATCH = YES;
				COPY_PHASE_STRIP = NO;
				DEBUG_INFORMATION_FORMAT = dwarf;
				ENABLE_STRICT_OBJC_MSGSEND = YES;
				ENABLE_TESTABILITY = YES;
				GCC_C_LANGUAGE_STANDARD = gnu11;
				GCC_DYNAMIC_NO_PIC = NO;
				GCC_NO_COMMON_BLOCKS = YES;
				GCC_OPTIMIZATION_LEVEL = 0;
				GCC_PREPROCESSOR_DEFINITIONS = (
					"DEBUG=1",
					"$(inherited)",
				);
				GCC_WARN_64_TO_32_BIT_CONVERSION = YES;
				GCC_WARN_ABOUT_RETURN_TYPE = YES_ERROR;
				GCC_WARN_UNDECLARED_SELECTOR = YES;
				GCC_WARN_UNINITIALIZED_AUTOS = YES_AGGRESSIVE;
				GCC_WARN_UNUSED_FUNCTION = YES;
				GCC_WARN_UNUSED_VARIABLE = YES;
				IPHONEOS_DEPLOYMENT_TARGET = 13.0;
				MTL_ENABLE_DEBUG_INFO = INCLUDE_SOURCE;
				MTL_FAST_MATH = YES;
				ONLY_ACTIVE_ARCH = YES;
				SDKROOT = iphoneos;
				SWIFT_ACTIVE_COMPILATION_CONDITIONS = DEBUG;
				SWIFT_OPTIMIZATION_LEVEL = "-Onone";
			};
			name = Debug;
		};
		CA3171DA27ECE9A700C815C3 /* Release */ = {
			isa = XCBuildConfiguration;
			buildSettings = {
				ALWAYS_SEARCH_USER_PATHS = NO;
				CLANG_ANALYZER_NONNULL = YES;
				CLANG_ANALYZER_NUMBER_OBJECT_CONVERSION = YES_AGGRESSIVE;
				CLANG_CXX_LANGUAGE_STANDARD = "gnu++17";
				CLANG_CXX_LIBRARY = "libc++";
				CLANG_ENABLE_MODULES = YES;
				CLANG_ENABLE_OBJC_ARC = YES;
				CLANG_ENABLE_OBJC_WEAK = YES;
				CLANG_WARN_BLOCK_CAPTURE_AUTORELEASING = YES;
				CLANG_WARN_BOOL_CONVERSION = YES;
				CLANG_WARN_COMMA = YES;
				CLANG_WARN_CONSTANT_CONVERSION = YES;
				CLANG_WARN_DEPRECATED_OBJC_IMPLEMENTATIONS = YES;
				CLANG_WARN_DIRECT_OBJC_ISA_USAGE = YES_ERROR;
				CLANG_WARN_DOCUMENTATION_COMMENTS = YES;
				CLANG_WARN_EMPTY_BODY = YES;
				CLANG_WARN_ENUM_CONVERSION = YES;
				CLANG_WARN_INFINITE_RECURSION = YES;
				CLANG_WARN_INT_CONVERSION = YES;
				CLANG_WARN_NON_LITERAL_NULL_CONVERSION = YES;
				CLANG_WARN_OBJC_IMPLICIT_RETAIN_SELF = YES;
				CLANG_WARN_OBJC_LITERAL_CONVERSION = YES;
				CLANG_WARN_OBJC_ROOT_CLASS = YES_ERROR;
				CLANG_WARN_QUOTED_INCLUDE_IN_FRAMEWORK_HEADER = YES;
				CLANG_WARN_RANGE_LOOP_ANALYSIS = YES;
				CLANG_WARN_STRICT_PROTOTYPES = YES;
				CLANG_WARN_SUSPICIOUS_MOVE = YES;
				CLANG_WARN_UNGUARDED_AVAILABILITY = YES_AGGRESSIVE;
				CLANG_WARN_UNREACHABLE_CODE = YES;
				CLANG_WARN__DUPLICATE_METHOD_MATCH = YES;
				COPY_PHASE_STRIP = NO;
				DEBUG_INFORMATION_FORMAT = "dwarf-with-dsym";
				ENABLE_NS_ASSERTIONS = NO;
				ENABLE_STRICT_OBJC_MSGSEND = YES;
				GCC_C_LANGUAGE_STANDARD = gnu11;
				GCC_NO_COMMON_BLOCKS = YES;
				GCC_WARN_64_TO_32_BIT_CONVERSION = YES;
				GCC_WARN_ABOUT_RETURN_TYPE = YES_ERROR;
				GCC_WARN_UNDECLARED_SELECTOR = YES;
				GCC_WARN_UNINITIALIZED_AUTOS = YES_AGGRESSIVE;
				GCC_WARN_UNUSED_FUNCTION = YES;
				GCC_WARN_UNUSED_VARIABLE = YES;
				IPHONEOS_DEPLOYMENT_TARGET = 13.0;
				MTL_ENABLE_DEBUG_INFO = NO;
				MTL_FAST_MATH = YES;
				SDKROOT = iphoneos;
				SWIFT_COMPILATION_MODE = wholemodule;
				SWIFT_OPTIMIZATION_LEVEL = "-O";
				VALIDATE_PRODUCT = YES;
			};
			name = Release;
		};
		CA3171DC27ECE9A700C815C3 /* Debug */ = {
			isa = XCBuildConfiguration;
			buildSettings = {
				ASSETCATALOG_COMPILER_APPICON_NAME = AppIcon;
				ASSETCATALOG_COMPILER_GLOBAL_ACCENT_COLOR_NAME = AccentColor;
				CODE_SIGN_STYLE = Automatic;
				CURRENT_PROJECT_VERSION = 1;
				DEVELOPMENT_TEAM = QNKTR8TA8C;
				GENERATE_INFOPLIST_FILE = YES;
				INFOPLIST_FILE = MOVIE/Info.plist;
				INFOPLIST_KEY_UIApplicationSupportsIndirectInputEvents = YES;
				INFOPLIST_KEY_UILaunchStoryboardName = LaunchScreen;
				INFOPLIST_KEY_UISupportedInterfaceOrientations = UIInterfaceOrientationPortrait;
				INFOPLIST_KEY_UISupportedInterfaceOrientations_iPad = "UIInterfaceOrientationPortrait UIInterfaceOrientationPortraitUpsideDown UIInterfaceOrientationLandscapeLeft UIInterfaceOrientationLandscapeRight";
				INFOPLIST_KEY_UISupportedInterfaceOrientations_iPhone = UIInterfaceOrientationPortrait;
				IPHONEOS_DEPLOYMENT_TARGET = 13.0;
				LD_RUNPATH_SEARCH_PATHS = (
					"$(inherited)",
					"@executable_path/Frameworks",
				);
				MARKETING_VERSION = 1.0;
				PRODUCT_BUNDLE_IDENTIFIER = com.MOVIE.my;
				PRODUCT_NAME = "$(TARGET_NAME)";
				SWIFT_EMIT_LOC_STRINGS = YES;
				SWIFT_VERSION = 5.0;
				TARGETED_DEVICE_FAMILY = "1,2";
			};
			name = Debug;
		};
		CA3171DD27ECE9A700C815C3 /* Release */ = {
			isa = XCBuildConfiguration;
			buildSettings = {
				ASSETCATALOG_COMPILER_APPICON_NAME = AppIcon;
				ASSETCATALOG_COMPILER_GLOBAL_ACCENT_COLOR_NAME = AccentColor;
				CODE_SIGN_STYLE = Automatic;
				CURRENT_PROJECT_VERSION = 1;
				DEVELOPMENT_TEAM = QNKTR8TA8C;
				GENERATE_INFOPLIST_FILE = YES;
				INFOPLIST_FILE = MOVIE/Info.plist;
				INFOPLIST_KEY_UIApplicationSupportsIndirectInputEvents = YES;
				INFOPLIST_KEY_UILaunchStoryboardName = LaunchScreen;
				INFOPLIST_KEY_UISupportedInterfaceOrientations = UIInterfaceOrientationPortrait;
				INFOPLIST_KEY_UISupportedInterfaceOrientations_iPad = "UIInterfaceOrientationPortrait UIInterfaceOrientationPortraitUpsideDown UIInterfaceOrientationLandscapeLeft UIInterfaceOrientationLandscapeRight";
				INFOPLIST_KEY_UISupportedInterfaceOrientations_iPhone = UIInterfaceOrientationPortrait;
				IPHONEOS_DEPLOYMENT_TARGET = 13.0;
				LD_RUNPATH_SEARCH_PATHS = (
					"$(inherited)",
					"@executable_path/Frameworks",
				);
				MARKETING_VERSION = 1.0;
				PRODUCT_BUNDLE_IDENTIFIER = com.MOVIE.my;
				PRODUCT_NAME = "$(TARGET_NAME)";
				SWIFT_EMIT_LOC_STRINGS = YES;
				SWIFT_VERSION = 5.0;
				TARGETED_DEVICE_FAMILY = "1,2";
			};
			name = Release;
		};
/* End XCBuildConfiguration section */

/* Begin XCConfigurationList section */
		CA3171C227ECE9A700C815C3 /* Build configuration list for PBXProject "MOVIE" */ = {
			isa = XCConfigurationList;
			buildConfigurations = (
				CA3171D927ECE9A700C815C3 /* Debug */,
				CA3171DA27ECE9A700C815C3 /* Release */,
			);
			defaultConfigurationIsVisible = 0;
			defaultConfigurationName = Release;
		};
		CA3171DB27ECE9A700C815C3 /* Build configuration list for PBXNativeTarget "MOVIE" */ = {
			isa = XCConfigurationList;
			buildConfigurations = (
				CA3171DC27ECE9A700C815C3 /* Debug */,
				CA3171DD27ECE9A700C815C3 /* Release */,
			);
			defaultConfigurationIsVisible = 0;
			defaultConfigurationName = Release;
		};
/* End XCConfigurationList section */

/* Begin XCRemoteSwiftPackageReference section */
		CA9F72B027ECF13500B41E33 /* XCRemoteSwiftPackageReference "Moya" */ = {
			isa = XCRemoteSwiftPackageReference;
			repositoryURL = "https://github.com/Moya/Moya.git";
			requirement = {
				branch = master;
				kind = branch;
			};
		};
/* End XCRemoteSwiftPackageReference section */

/* Begin XCSwiftPackageProductDependency section */
		CA9F72B127ECF13500B41E33 /* Moya */ = {
			isa = XCSwiftPackageProductDependency;
			package = CA9F72B027ECF13500B41E33 /* XCRemoteSwiftPackageReference "Moya" */;
			productName = Moya;
		};
/* End XCSwiftPackageProductDependency section */
	};
	rootObject = CA3171BF27ECE9A700C815C3 /* Project object */;
}
